
Microsoft Visual Studio Solution File, Format Version 12.00
Project("{FAE04EC0-301F-11D3-BF4B-00C04F79EFBC}") = "MyPLINQ", "MyPLINQ\MyPLINQ.csproj", "{95F2F110-AAD0-4957-BF17-70362CDA3371}"
EndProject
Project("{FAE04EC0-301F-11D3-BF4B-00C04F79EFBC}") = "Test My PLINQ", "Test My PLINQ\Test My PLINQ.csproj", "{75856ED3-ADB8-48F2-A4FA-C168AA229099}"
EndProject
Project("{FAE04EC0-301F-11D3-BF4B-00C04F79EFBC}") = "MyPLINQ.Benchmark", "MyPLINQ.Benchmark\MyPLINQ.Benchmark.csproj", "{0776B1C0-D24A-4618-A88B-54118D925BF1}"
EndProject
Project("{FAE04EC0-301F-11D3-BF4B-00C04F79EFBC}") = "MyPLINQ.Test", "MyPLINQ.Test\MyPLINQ.Test.csproj", "{A1551472-12F0-47C2-984B-2C7AB1EE2DAB}"
EndProject
Global
	GlobalSection(SolutionConfigurationPlatforms) = preSolution
		Debug|Any CPU = Debug|Any CPU
		Release|Any CPU = Release|Any CPU
	EndGlobalSection
	GlobalSection(ProjectConfigurationPlatforms) = postSolution
		{95F2F110-AAD0-4957-BF17-70362CDA3371}.Debug|Any CPU.ActiveCfg = Debug|Any CPU
		{95F2F110-AAD0-4957-BF17-70362CDA3371}.Debug|Any CPU.Build.0 = Debug|Any CPU
		{95F2F110-AAD0-4957-BF17-70362CDA3371}.Release|Any CPU.ActiveCfg = Release|Any CPU
		{95F2F110-AAD0-4957-BF17-70362CDA3371}.Release|Any CPU.Build.0 = Release|Any CPU
		{75856ED3-ADB8-48F2-A4FA-C168AA229099}.Debug|Any CPU.ActiveCfg = Debug|Any CPU
		{75856ED3-ADB8-48F2-A4FA-C168AA229099}.Debug|Any CPU.Build.0 = Debug|Any CPU
		{75856ED3-ADB8-48F2-A4FA-C168AA229099}.Release|Any CPU.ActiveCfg = Release|Any CPU
		{75856ED3-ADB8-48F2-A4FA-C168AA229099}.Release|Any CPU.Build.0 = Release|Any CPU
		{0776B1C0-D24A-4618-A88B-54118D925BF1}.Debug|Any CPU.ActiveCfg = Debug|Any CPU
		{0776B1C0-D24A-4618-A88B-54118D925BF1}.Debug|Any CPU.Build.0 = Debug|Any CPU
		{0776B1C0-D24A-4618-A88B-54118D925BF1}.Release|Any CPU.ActiveCfg = Release|Any CPU
		{0776B1C0-D24A-4618-A88B-54118D925BF1}.Release|Any CPU.Build.0 = Release|Any CPU
		{A1551472-12F0-47C2-984B-2C7AB1EE2DAB}.Debug|Any CPU.ActiveCfg = Debug|Any CPU
		{A1551472-12F0-47C2-984B-2C7AB1EE2DAB}.Debug|Any CPU.Build.0 = Debug|Any CPU
		{A1551472-12F0-47C2-984B-2C7AB1EE2DAB}.Release|Any CPU.ActiveCfg = Release|Any CPU
		{A1551472-12F0-47C2-984B-2C7AB1EE2DAB}.Release|Any CPU.Build.0 = Release|Any CPU
	EndGlobalSection
EndGlobal
